{
  "name": "coala",
  "requires": true,
  "lockfileVersion": 1,
  "dependencies": {
    "clone": {
      "version": "2.1.1",
      "resolved": "https://registry.npmjs.org/clone/-/clone-2.1.1.tgz",
      "integrity": "sha1-0hfR6WERjjrJpLi7oyhVU79kfNs="
    },
    "csslint": {
      "version": "1.0.5",
      "resolved": "https://registry.npmjs.org/csslint/-/csslint-1.0.5.tgz",
      "integrity": "sha1-Gcw+2jIhYP0/cjKvHLKjYOiYouk=",
      "requires": {
        "clone": "2.1.1",
        "parserlib": "1.1.1"
      }
    },
    "parserlib": {
      "version": "1.1.1",
      "resolved": "https://registry.npmjs.org/parserlib/-/parserlib-1.1.1.tgz",
      "integrity": "sha1-pkz6ckBiQ0/fw1HJpOwtkrlMBvQ="
    }
  }
}
